
Microsoft Visual Studio Solution File, Format Version 12.00
# Visual Studio Version 16
VisualStudioVersion = 16.0.30320.27
MinimumVisualStudioVersion = 10.0.40219.1
Project("{FAE04EC0-301F-11D3-BF4B-00C04F79EFBC}") = "Add_Current_Folder_To_The_System_Path", "Add_Current_Folder_To_The_System_Path\Add_Current_Folder_To_The_System_Path.csproj", "{2DAD5EA8-5D8D-45D2-B293-F6B35ECCAD41}"
Project("{FAE04EC0-301F-11D3-BF4B-00C04F79EFBC}") = "Read_IIS_Features_Status", "Read_IIS_Features_Status\Read_IIS_Features_Status.csproj", "{3B811EB2-948D-42CF-A4B7-9A48B7FC6B70}"
EndProject
Global
	GlobalSection(SolutionConfigurationPlatforms) = preSolution
		Debug|Any CPU = Debug|Any CPU
		Release|Any CPU = Release|Any CPU
	EndGlobalSection
	GlobalSection(ProjectConfigurationPlatforms) = postSolution
		{2DAD5EA8-5D8D-45D2-B293-F6B35ECCAD41}.Debug|Any CPU.ActiveCfg = Debug|Any CPU
		{2DAD5EA8-5D8D-45D2-B293-F6B35ECCAD41}.Debug|Any CPU.Build.0 = Debug|Any CPU
		{2DAD5EA8-5D8D-45D2-B293-F6B35ECCAD41}.Release|Any CPU.ActiveCfg = Release|Any CPU
		{2DAD5EA8-5D8D-45D2-B293-F6B35ECCAD41}.Release|Any CPU.Build.0 = Release|Any CPU
		{3B811EB2-948D-42CF-A4B7-9A48B7FC6B70}.Debug|Any CPU.ActiveCfg = Debug|Any CPU
		{3B811EB2-948D-42CF-A4B7-9A48B7FC6B70}.Debug|Any CPU.Build.0 = Debug|Any CPU
		{3B811EB2-948D-42CF-A4B7-9A48B7FC6B70}.Release|Any CPU.ActiveCfg = Release|Any CPU
		{3B811EB2-948D-42CF-A4B7-9A48B7FC6B70}.Release|Any CPU.Build.0 = Release|Any CPU
	EndGlobalSection
	GlobalSection(SolutionProperties) = preSolution
		HideSolutionNode = FALSE
	EndGlobalSection
	GlobalSection(ExtensibilityGlobals) = postSolution
		SolutionGuid = {A95184DC-8520-4E92-9FFA-838F208ABC79}
	EndGlobalSection
EndGlobal
